
Microsoft Visual Studio Solution File, Format Version 11.00
# Visual Studio 2010
Project("{FAE04EC0-301F-11D3-BF4B-00C04F79EFBC}") = "Assembly-CSharp-firstpass", "Assembly-CSharp-firstpass.csproj", "{aa101bce-f766-2b88-3065-18e1e02cec40}"
EndProject
Project("{FAE04EC0-301F-11D3-BF4B-00C04F79EFBC}") = "Assembly-CSharp", "Assembly-CSharp.csproj", "{5561ba26-2728-247e-5e6c-de18ffc25660}"
EndProject
Global
	GlobalSection(SolutionConfigurationPlatforms) = preSolution
		Debug|Any CPU = Debug|Any CPU
	EndGlobalSection
	GlobalSection(ProjectConfigurationPlatforms) = postSolution
		{aa101bce-f766-2b88-3065-18e1e02cec40}.Debug|Any CPU.ActiveCfg = Debug|Any CPU
		{aa101bce-f766-2b88-3065-18e1e02cec40}.Debug|Any CPU.Build.0 = Debug|Any CPU
		{5561ba26-2728-247e-5e6c-de18ffc25660}.Debug|Any CPU.ActiveCfg = Debug|Any CPU
		{5561ba26-2728-247e-5e6c-de18ffc25660}.Debug|Any CPU.Build.0 = Debug|Any CPU
	EndGlobalSection
	GlobalSection(SolutionProperties) = preSolution
		HideSolutionNode = FALSE
	EndGlobalSection
EndGlobal
