
Microsoft Visual Studio Solution File, Format Version 12.00
# Visual Studio 15
Project("{FAE04EC0-301F-11D3-BF4B-00C04F79EFBC}") = "Assembly-CSharp-firstpass", "Assembly-CSharp-firstpass.csproj", "{FA3AE7AD-433D-73F1-CCDF-6926541C23BE}"
EndProject
Project("{FAE04EC0-301F-11D3-BF4B-00C04F79EFBC}") = "Assembly-CSharp", "Assembly-CSharp.csproj", "{0ABD2196-D964-6FAE-8B1A-8FF0F1D25489}"
EndProject
Global
	GlobalSection(SolutionConfigurationPlatforms) = preSolution
		Debug|Any CPU = Debug|Any CPU
		Release|Any CPU = Release|Any CPU
	EndGlobalSection
	GlobalSection(ProjectConfigurationPlatforms) = postSolution
		{FA3AE7AD-433D-73F1-CCDF-6926541C23BE}.Debug|Any CPU.ActiveCfg = Debug|Any CPU
		{FA3AE7AD-433D-73F1-CCDF-6926541C23BE}.Debug|Any CPU.Build.0 = Debug|Any CPU
		{FA3AE7AD-433D-73F1-CCDF-6926541C23BE}.Release|Any CPU.ActiveCfg = Release|Any CPU
		{FA3AE7AD-433D-73F1-CCDF-6926541C23BE}.Release|Any CPU.Build.0 = Release|Any CPU
		{0ABD2196-D964-6FAE-8B1A-8FF0F1D25489}.Debug|Any CPU.ActiveCfg = Debug|Any CPU
		{0ABD2196-D964-6FAE-8B1A-8FF0F1D25489}.Debug|Any CPU.Build.0 = Debug|Any CPU
		{0ABD2196-D964-6FAE-8B1A-8FF0F1D25489}.Release|Any CPU.ActiveCfg = Release|Any CPU
		{0ABD2196-D964-6FAE-8B1A-8FF0F1D25489}.Release|Any CPU.Build.0 = Release|Any CPU
	EndGlobalSection
	GlobalSection(SolutionProperties) = preSolution
		HideSolutionNode = FALSE
	EndGlobalSection
EndGlobal
