
Microsoft Visual Studio Solution File, Format Version 11.00
# Visual Studio 2010
Project("{FAE04EC0-301F-11D3-BF4B-00C04F79EFBC}") = "Assembly-CSharp-firstpass", "Assembly-CSharp-firstpass.csproj", "{c9de68a2-e9b6-51cb-5c37-b0715893caef}"
EndProject
Project("{FAE04EC0-301F-11D3-BF4B-00C04F79EFBC}") = "Assembly-CSharp", "Assembly-CSharp.csproj", "{a2192586-2563-9141-60ed-3fdcf3cd110e}"
EndProject
Global
	GlobalSection(SolutionConfigurationPlatforms) = preSolution
		Debug|Any CPU = Debug|Any CPU
	EndGlobalSection
	GlobalSection(ProjectConfigurationPlatforms) = postSolution
		{c9de68a2-e9b6-51cb-5c37-b0715893caef}.Debug|Any CPU.ActiveCfg = Debug|Any CPU
		{c9de68a2-e9b6-51cb-5c37-b0715893caef}.Debug|Any CPU.Build.0 = Debug|Any CPU
		{a2192586-2563-9141-60ed-3fdcf3cd110e}.Debug|Any CPU.ActiveCfg = Debug|Any CPU
		{a2192586-2563-9141-60ed-3fdcf3cd110e}.Debug|Any CPU.Build.0 = Debug|Any CPU
	EndGlobalSection
	GlobalSection(SolutionProperties) = preSolution
		HideSolutionNode = FALSE
	EndGlobalSection
EndGlobal
